
Microsoft Visual Studio Solution File, Format Version 12.00
# Visual Studio Version 16
VisualStudioVersion = 16.0.31727.386
MinimumVisualStudioVersion = 10.0.40219.1
Project("{8BC9CEB8-8B4A-11D0-8D11-00A0C91BC942}") = "practice-c", "practice-c.vcxproj", "{A83FAAD4-3F31-48A2-8D8F-473BDB0AB4D6}"
EndProject
Project("{8BC9CEB8-8B4A-11D0-8D11-00A0C91BC942}") = "practice-c-2", "..\practice-c-2\practice-c-2.vcxproj", "{E2CFCA10-B3BE-44BA-AD4D-92979ED10880}"
EndProject
Project("{8BC9CEB8-8B4A-11D0-8D11-00A0C91BC942}") = "practice-c-3", "..\practice-c-3\practice-c-3.vcxproj", "{CC00CDD7-9C21-479B-B878-D93FC958A95D}"
EndProject
Project("{8BC9CEB8-8B4A-11D0-8D11-00A0C91BC942}") = "practice1112", "..\practice1112\practice1112.vcxproj", "{340590EF-DE1D-459B-82C5-3542C6AF7F54}"
EndProject
Global
	GlobalSection(SolutionConfigurationPlatforms) = preSolution
		Debug|x64 = Debug|x64
		Debug|x86 = Debug|x86
		Release|x64 = Release|x64
		Release|x86 = Release|x86
	EndGlobalSection
	GlobalSection(ProjectConfigurationPlatforms) = postSolution
		{A83FAAD4-3F31-48A2-8D8F-473BDB0AB4D6}.Debug|x64.ActiveCfg = Debug|x64
		{A83FAAD4-3F31-48A2-8D8F-473BDB0AB4D6}.Debug|x64.Build.0 = Debug|x64
		{A83FAAD4-3F31-48A2-8D8F-473BDB0AB4D6}.Debug|x86.ActiveCfg = Debug|Win32
		{A83FAAD4-3F31-48A2-8D8F-473BDB0AB4D6}.Debug|x86.Build.0 = Debug|Win32
		{A83FAAD4-3F31-48A2-8D8F-473BDB0AB4D6}.Release|x64.ActiveCfg = Release|x64
		{A83FAAD4-3F31-48A2-8D8F-473BDB0AB4D6}.Release|x64.Build.0 = Release|x64
		{A83FAAD4-3F31-48A2-8D8F-473BDB0AB4D6}.Release|x86.ActiveCfg = Release|Win32
		{A83FAAD4-3F31-48A2-8D8F-473BDB0AB4D6}.Release|x86.Build.0 = Release|Win32
		{E2CFCA10-B3BE-44BA-AD4D-92979ED10880}.Debug|x64.ActiveCfg = Debug|x64
		{E2CFCA10-B3BE-44BA-AD4D-92979ED10880}.Debug|x64.Build.0 = Debug|x64
		{E2CFCA10-B3BE-44BA-AD4D-92979ED10880}.Debug|x86.ActiveCfg = Debug|Win32
		{E2CFCA10-B3BE-44BA-AD4D-92979ED10880}.Debug|x86.Build.0 = Debug|Win32
		{E2CFCA10-B3BE-44BA-AD4D-92979ED10880}.Release|x64.ActiveCfg = Release|x64
		{E2CFCA10-B3BE-44BA-AD4D-92979ED10880}.Release|x64.Build.0 = Release|x64
		{E2CFCA10-B3BE-44BA-AD4D-92979ED10880}.Release|x86.ActiveCfg = Release|Win32
		{E2CFCA10-B3BE-44BA-AD4D-92979ED10880}.Release|x86.Build.0 = Release|Win32
		{CC00CDD7-9C21-479B-B878-D93FC958A95D}.Debug|x64.ActiveCfg = Debug|x64
		{CC00CDD7-9C21-479B-B878-D93FC958A95D}.Debug|x64.Build.0 = Debug|x64
		{CC00CDD7-9C21-479B-B878-D93FC958A95D}.Debug|x86.ActiveCfg = Debug|Win32
		{CC00CDD7-9C21-479B-B878-D93FC958A95D}.Debug|x86.Build.0 = Debug|Win32
		{CC00CDD7-9C21-479B-B878-D93FC958A95D}.Release|x64.ActiveCfg = Release|x64
		{CC00CDD7-9C21-479B-B878-D93FC958A95D}.Release|x64.Build.0 = Release|x64
		{CC00CDD7-9C21-479B-B878-D93FC958A95D}.Release|x86.ActiveCfg = Release|Win32
		{CC00CDD7-9C21-479B-B878-D93FC958A95D}.Release|x86.Build.0 = Release|Win32
		{340590EF-DE1D-459B-82C5-3542C6AF7F54}.Debug|x64.ActiveCfg = Debug|x64
		{340590EF-DE1D-459B-82C5-3542C6AF7F54}.Debug|x64.Build.0 = Debug|x64
		{340590EF-DE1D-459B-82C5-3542C6AF7F54}.Debug|x86.ActiveCfg = Debug|Win32
		{340590EF-DE1D-459B-82C5-3542C6AF7F54}.Debug|x86.Build.0 = Debug|Win32
		{340590EF-DE1D-459B-82C5-3542C6AF7F54}.Release|x64.ActiveCfg = Release|x64
		{340590EF-DE1D-459B-82C5-3542C6AF7F54}.Release|x64.Build.0 = Release|x64
		{340590EF-DE1D-459B-82C5-3542C6AF7F54}.Release|x86.ActiveCfg = Release|Win32
		{340590EF-DE1D-459B-82C5-3542C6AF7F54}.Release|x86.Build.0 = Release|Win32
	EndGlobalSection
	GlobalSection(SolutionProperties) = preSolution
		HideSolutionNode = FALSE
	EndGlobalSection
	GlobalSection(ExtensibilityGlobals) = postSolution
		SolutionGuid = {B22B5C5F-F479-4B0A-A9AE-652284C3DE2B}
	EndGlobalSection
EndGlobal
