
Microsoft Visual Studio Solution File, Format Version 12.00
# Visual Studio Version 16
VisualStudioVersion = 16.0.31727.386
MinimumVisualStudioVersion = 10.0.40219.1
Project("{8BC9CEB8-8B4A-11D0-8D11-00A0C91BC942}") = "practice1027", "practice1027.vcxproj", "{E42FB117-70B4-4DBF-840C-6B837384F58A}"
EndProject
Project("{8BC9CEB8-8B4A-11D0-8D11-00A0C91BC942}") = "practice1026-3", "..\practice1026-3\practice1026-3.vcxproj", "{33602AC2-D5F0-4F52-8DD3-CB21D073DE41}"
EndProject
Project("{8BC9CEB8-8B4A-11D0-8D11-00A0C91BC942}") = "practice1026-2", "..\practice1026-2\practice1026-2.vcxproj", "{F69E66F8-CE75-4D8A-ACE4-AAC7CA62F8FD}"
EndProject
Project("{8BC9CEB8-8B4A-11D0-8D11-00A0C91BC942}") = "practice1027-2", "..\main2\main2.vcxproj", "{D74C53EA-CC4F-43AF-9451-AB40319716A3}"
EndProject
Project("{8BC9CEB8-8B4A-11D0-8D11-00A0C91BC942}") = "practice1026", "..\practice1026\practice1026.vcxproj", "{B5209751-5023-45BE-9DDD-B24BCC90EB18}"
EndProject
Project("{8BC9CEB8-8B4A-11D0-8D11-00A0C91BC942}") = "practice1025", "..\practice1025\practice1025.vcxproj", "{62E31F5E-3021-4383-99C5-4995A5743B35}"
EndProject
Project("{8BC9CEB8-8B4A-11D0-8D11-00A0C91BC942}") = "Project4", "..\Project4\Project4.vcxproj", "{F8A4140A-2966-4366-8CCD-B8916B39343F}"
EndProject
Project("{8BC9CEB8-8B4A-11D0-8D11-00A0C91BC942}") = "Project28", "..\Project28\Project28.vcxproj", "{5B2F241F-6EB5-4E99-AB62-E7401CDFB582}"
EndProject
Project("{8BC9CEB8-8B4A-11D0-8D11-00A0C91BC942}") = "Project17", "..\Project17\Project17.vcxproj", "{54829B88-DE58-4CE4-A76D-6D4678B3BF34}"
EndProject
Global
	GlobalSection(SolutionConfigurationPlatforms) = preSolution
		Debug|x64 = Debug|x64
		Debug|x86 = Debug|x86
		Release|x64 = Release|x64
		Release|x86 = Release|x86
	EndGlobalSection
	GlobalSection(ProjectConfigurationPlatforms) = postSolution
		{E42FB117-70B4-4DBF-840C-6B837384F58A}.Debug|x64.ActiveCfg = Debug|x64
		{E42FB117-70B4-4DBF-840C-6B837384F58A}.Debug|x64.Build.0 = Debug|x64
		{E42FB117-70B4-4DBF-840C-6B837384F58A}.Debug|x86.ActiveCfg = Debug|Win32
		{E42FB117-70B4-4DBF-840C-6B837384F58A}.Debug|x86.Build.0 = Debug|Win32
		{E42FB117-70B4-4DBF-840C-6B837384F58A}.Release|x64.ActiveCfg = Release|x64
		{E42FB117-70B4-4DBF-840C-6B837384F58A}.Release|x64.Build.0 = Release|x64
		{E42FB117-70B4-4DBF-840C-6B837384F58A}.Release|x86.ActiveCfg = Release|Win32
		{E42FB117-70B4-4DBF-840C-6B837384F58A}.Release|x86.Build.0 = Release|Win32
		{33602AC2-D5F0-4F52-8DD3-CB21D073DE41}.Debug|x64.ActiveCfg = Debug|x64
		{33602AC2-D5F0-4F52-8DD3-CB21D073DE41}.Debug|x64.Build.0 = Debug|x64
		{33602AC2-D5F0-4F52-8DD3-CB21D073DE41}.Debug|x86.ActiveCfg = Debug|Win32
		{33602AC2-D5F0-4F52-8DD3-CB21D073DE41}.Debug|x86.Build.0 = Debug|Win32
		{33602AC2-D5F0-4F52-8DD3-CB21D073DE41}.Release|x64.ActiveCfg = Release|x64
		{33602AC2-D5F0-4F52-8DD3-CB21D073DE41}.Release|x64.Build.0 = Release|x64
		{33602AC2-D5F0-4F52-8DD3-CB21D073DE41}.Release|x86.ActiveCfg = Release|Win32
		{33602AC2-D5F0-4F52-8DD3-CB21D073DE41}.Release|x86.Build.0 = Release|Win32
		{F69E66F8-CE75-4D8A-ACE4-AAC7CA62F8FD}.Debug|x64.ActiveCfg = Debug|x64
		{F69E66F8-CE75-4D8A-ACE4-AAC7CA62F8FD}.Debug|x64.Build.0 = Debug|x64
		{F69E66F8-CE75-4D8A-ACE4-AAC7CA62F8FD}.Debug|x86.ActiveCfg = Debug|Win32
		{F69E66F8-CE75-4D8A-ACE4-AAC7CA62F8FD}.Debug|x86.Build.0 = Debug|Win32
		{F69E66F8-CE75-4D8A-ACE4-AAC7CA62F8FD}.Release|x64.ActiveCfg = Release|x64
		{F69E66F8-CE75-4D8A-ACE4-AAC7CA62F8FD}.Release|x64.Build.0 = Release|x64
		{F69E66F8-CE75-4D8A-ACE4-AAC7CA62F8FD}.Release|x86.ActiveCfg = Release|Win32
		{F69E66F8-CE75-4D8A-ACE4-AAC7CA62F8FD}.Release|x86.Build.0 = Release|Win32
		{D74C53EA-CC4F-43AF-9451-AB40319716A3}.Debug|x64.ActiveCfg = Debug|x64
		{D74C53EA-CC4F-43AF-9451-AB40319716A3}.Debug|x64.Build.0 = Debug|x64
		{D74C53EA-CC4F-43AF-9451-AB40319716A3}.Debug|x86.ActiveCfg = Debug|Win32
		{D74C53EA-CC4F-43AF-9451-AB40319716A3}.Debug|x86.Build.0 = Debug|Win32
		{D74C53EA-CC4F-43AF-9451-AB40319716A3}.Release|x64.ActiveCfg = Release|x64
		{D74C53EA-CC4F-43AF-9451-AB40319716A3}.Release|x64.Build.0 = Release|x64
		{D74C53EA-CC4F-43AF-9451-AB40319716A3}.Release|x86.ActiveCfg = Release|Win32
		{D74C53EA-CC4F-43AF-9451-AB40319716A3}.Release|x86.Build.0 = Release|Win32
		{B5209751-5023-45BE-9DDD-B24BCC90EB18}.Debug|x64.ActiveCfg = Debug|x64
		{B5209751-5023-45BE-9DDD-B24BCC90EB18}.Debug|x64.Build.0 = Debug|x64
		{B5209751-5023-45BE-9DDD-B24BCC90EB18}.Debug|x86.ActiveCfg = Debug|Win32
		{B5209751-5023-45BE-9DDD-B24BCC90EB18}.Debug|x86.Build.0 = Debug|Win32
		{B5209751-5023-45BE-9DDD-B24BCC90EB18}.Release|x64.ActiveCfg = Release|x64
		{B5209751-5023-45BE-9DDD-B24BCC90EB18}.Release|x64.Build.0 = Release|x64
		{B5209751-5023-45BE-9DDD-B24BCC90EB18}.Release|x86.ActiveCfg = Release|Win32
		{B5209751-5023-45BE-9DDD-B24BCC90EB18}.Release|x86.Build.0 = Release|Win32
		{62E31F5E-3021-4383-99C5-4995A5743B35}.Debug|x64.ActiveCfg = Debug|x64
		{62E31F5E-3021-4383-99C5-4995A5743B35}.Debug|x64.Build.0 = Debug|x64
		{62E31F5E-3021-4383-99C5-4995A5743B35}.Debug|x86.ActiveCfg = Debug|Win32
		{62E31F5E-3021-4383-99C5-4995A5743B35}.Debug|x86.Build.0 = Debug|Win32
		{62E31F5E-3021-4383-99C5-4995A5743B35}.Release|x64.ActiveCfg = Release|x64
		{62E31F5E-3021-4383-99C5-4995A5743B35}.Release|x64.Build.0 = Release|x64
		{62E31F5E-3021-4383-99C5-4995A5743B35}.Release|x86.ActiveCfg = Release|Win32
		{62E31F5E-3021-4383-99C5-4995A5743B35}.Release|x86.Build.0 = Release|Win32
		{F8A4140A-2966-4366-8CCD-B8916B39343F}.Debug|x64.ActiveCfg = Debug|x64
		{F8A4140A-2966-4366-8CCD-B8916B39343F}.Debug|x64.Build.0 = Debug|x64
		{F8A4140A-2966-4366-8CCD-B8916B39343F}.Debug|x86.ActiveCfg = Debug|Win32
		{F8A4140A-2966-4366-8CCD-B8916B39343F}.Debug|x86.Build.0 = Debug|Win32
		{F8A4140A-2966-4366-8CCD-B8916B39343F}.Release|x64.ActiveCfg = Release|x64
		{F8A4140A-2966-4366-8CCD-B8916B39343F}.Release|x64.Build.0 = Release|x64
		{F8A4140A-2966-4366-8CCD-B8916B39343F}.Release|x86.ActiveCfg = Release|Win32
		{F8A4140A-2966-4366-8CCD-B8916B39343F}.Release|x86.Build.0 = Release|Win32
		{5B2F241F-6EB5-4E99-AB62-E7401CDFB582}.Debug|x64.ActiveCfg = Debug|x64
		{5B2F241F-6EB5-4E99-AB62-E7401CDFB582}.Debug|x64.Build.0 = Debug|x64
		{5B2F241F-6EB5-4E99-AB62-E7401CDFB582}.Debug|x86.ActiveCfg = Debug|Win32
		{5B2F241F-6EB5-4E99-AB62-E7401CDFB582}.Debug|x86.Build.0 = Debug|Win32
		{5B2F241F-6EB5-4E99-AB62-E7401CDFB582}.Release|x64.ActiveCfg = Release|x64
		{5B2F241F-6EB5-4E99-AB62-E7401CDFB582}.Release|x64.Build.0 = Release|x64
		{5B2F241F-6EB5-4E99-AB62-E7401CDFB582}.Release|x86.ActiveCfg = Release|Win32
		{5B2F241F-6EB5-4E99-AB62-E7401CDFB582}.Release|x86.Build.0 = Release|Win32
		{54829B88-DE58-4CE4-A76D-6D4678B3BF34}.Debug|x64.ActiveCfg = Debug|x64
		{54829B88-DE58-4CE4-A76D-6D4678B3BF34}.Debug|x64.Build.0 = Debug|x64
		{54829B88-DE58-4CE4-A76D-6D4678B3BF34}.Debug|x86.ActiveCfg = Debug|Win32
		{54829B88-DE58-4CE4-A76D-6D4678B3BF34}.Debug|x86.Build.0 = Debug|Win32
		{54829B88-DE58-4CE4-A76D-6D4678B3BF34}.Release|x64.ActiveCfg = Release|x64
		{54829B88-DE58-4CE4-A76D-6D4678B3BF34}.Release|x64.Build.0 = Release|x64
		{54829B88-DE58-4CE4-A76D-6D4678B3BF34}.Release|x86.ActiveCfg = Release|Win32
		{54829B88-DE58-4CE4-A76D-6D4678B3BF34}.Release|x86.Build.0 = Release|Win32
	EndGlobalSection
	GlobalSection(SolutionProperties) = preSolution
		HideSolutionNode = FALSE
	EndGlobalSection
	GlobalSection(ExtensibilityGlobals) = postSolution
		SolutionGuid = {66356D7F-CB4E-41DF-A898-3D5BA2F14357}
	EndGlobalSection
EndGlobal
