
Microsoft Visual Studio Solution File, Format Version 12.00
# Visual Studio Version 16
VisualStudioVersion = 16.0.31727.386
MinimumVisualStudioVersion = 10.0.40219.1
Project("{8BC9CEB8-8B4A-11D0-8D11-00A0C91BC942}") = "lectrue1215", "lectrue1215.vcxproj", "{77A5B78A-A5C0-46BC-B9CD-FEA12C25B6B3}"
EndProject
Project("{8BC9CEB8-8B4A-11D0-8D11-00A0C91BC942}") = "lecture1215-2", "..\lecture1215-2\lecture1215-2.vcxproj", "{487B6BE6-928F-4E1B-A35F-18FCC4A58A98}"
EndProject
Project("{8BC9CEB8-8B4A-11D0-8D11-00A0C91BC942}") = "lecture1215-3", "..\lecture1215-3\lecture1215-3.vcxproj", "{729E513E-8330-4F42-B55A-21F06B07413A}"
EndProject
Project("{8BC9CEB8-8B4A-11D0-8D11-00A0C91BC942}") = "practice1215", "..\practice1215\practice1215.vcxproj", "{809F1094-DA77-4170-A76A-78E006BB0FB5}"
EndProject
Global
	GlobalSection(SolutionConfigurationPlatforms) = preSolution
		Debug|x64 = Debug|x64
		Debug|x86 = Debug|x86
		Release|x64 = Release|x64
		Release|x86 = Release|x86
	EndGlobalSection
	GlobalSection(ProjectConfigurationPlatforms) = postSolution
		{77A5B78A-A5C0-46BC-B9CD-FEA12C25B6B3}.Debug|x64.ActiveCfg = Debug|x64
		{77A5B78A-A5C0-46BC-B9CD-FEA12C25B6B3}.Debug|x64.Build.0 = Debug|x64
		{77A5B78A-A5C0-46BC-B9CD-FEA12C25B6B3}.Debug|x86.ActiveCfg = Debug|Win32
		{77A5B78A-A5C0-46BC-B9CD-FEA12C25B6B3}.Debug|x86.Build.0 = Debug|Win32
		{77A5B78A-A5C0-46BC-B9CD-FEA12C25B6B3}.Release|x64.ActiveCfg = Release|x64
		{77A5B78A-A5C0-46BC-B9CD-FEA12C25B6B3}.Release|x64.Build.0 = Release|x64
		{77A5B78A-A5C0-46BC-B9CD-FEA12C25B6B3}.Release|x86.ActiveCfg = Release|Win32
		{77A5B78A-A5C0-46BC-B9CD-FEA12C25B6B3}.Release|x86.Build.0 = Release|Win32
		{487B6BE6-928F-4E1B-A35F-18FCC4A58A98}.Debug|x64.ActiveCfg = Debug|x64
		{487B6BE6-928F-4E1B-A35F-18FCC4A58A98}.Debug|x64.Build.0 = Debug|x64
		{487B6BE6-928F-4E1B-A35F-18FCC4A58A98}.Debug|x86.ActiveCfg = Debug|Win32
		{487B6BE6-928F-4E1B-A35F-18FCC4A58A98}.Debug|x86.Build.0 = Debug|Win32
		{487B6BE6-928F-4E1B-A35F-18FCC4A58A98}.Release|x64.ActiveCfg = Release|x64
		{487B6BE6-928F-4E1B-A35F-18FCC4A58A98}.Release|x64.Build.0 = Release|x64
		{487B6BE6-928F-4E1B-A35F-18FCC4A58A98}.Release|x86.ActiveCfg = Release|Win32
		{487B6BE6-928F-4E1B-A35F-18FCC4A58A98}.Release|x86.Build.0 = Release|Win32
		{729E513E-8330-4F42-B55A-21F06B07413A}.Debug|x64.ActiveCfg = Debug|x64
		{729E513E-8330-4F42-B55A-21F06B07413A}.Debug|x64.Build.0 = Debug|x64
		{729E513E-8330-4F42-B55A-21F06B07413A}.Debug|x86.ActiveCfg = Debug|Win32
		{729E513E-8330-4F42-B55A-21F06B07413A}.Debug|x86.Build.0 = Debug|Win32
		{729E513E-8330-4F42-B55A-21F06B07413A}.Release|x64.ActiveCfg = Release|x64
		{729E513E-8330-4F42-B55A-21F06B07413A}.Release|x64.Build.0 = Release|x64
		{729E513E-8330-4F42-B55A-21F06B07413A}.Release|x86.ActiveCfg = Release|Win32
		{729E513E-8330-4F42-B55A-21F06B07413A}.Release|x86.Build.0 = Release|Win32
		{809F1094-DA77-4170-A76A-78E006BB0FB5}.Debug|x64.ActiveCfg = Debug|x64
		{809F1094-DA77-4170-A76A-78E006BB0FB5}.Debug|x64.Build.0 = Debug|x64
		{809F1094-DA77-4170-A76A-78E006BB0FB5}.Debug|x86.ActiveCfg = Debug|Win32
		{809F1094-DA77-4170-A76A-78E006BB0FB5}.Debug|x86.Build.0 = Debug|Win32
		{809F1094-DA77-4170-A76A-78E006BB0FB5}.Release|x64.ActiveCfg = Release|x64
		{809F1094-DA77-4170-A76A-78E006BB0FB5}.Release|x64.Build.0 = Release|x64
		{809F1094-DA77-4170-A76A-78E006BB0FB5}.Release|x86.ActiveCfg = Release|Win32
		{809F1094-DA77-4170-A76A-78E006BB0FB5}.Release|x86.Build.0 = Release|Win32
	EndGlobalSection
	GlobalSection(SolutionProperties) = preSolution
		HideSolutionNode = FALSE
	EndGlobalSection
	GlobalSection(ExtensibilityGlobals) = postSolution
		SolutionGuid = {4084550C-A40C-4C88-9CA7-A2752CB6C1FF}
	EndGlobalSection
EndGlobal
